
Microsoft Visual Studio Solution File, Format Version 12.00
# Visual Studio Version 16
VisualStudioVersion = 16.0.30523.141
MinimumVisualStudioVersion = 10.0.40219.1
Project("{FAE04EC0-301F-11D3-BF4B-00C04F79EFBC}") = "webAppToAzure", "webAppToAzure\webAppToAzure.csproj", "{BD40EB21-81F5-486A-BD5F-88B6A508CE47}"
EndProject
Global
	GlobalSection(SolutionConfigurationPlatforms) = preSolution
		Debug|Any CPU = Debug|Any CPU
		Release|Any CPU = Release|Any CPU
	EndGlobalSection
	GlobalSection(ProjectConfigurationPlatforms) = postSolution
		{BD40EB21-81F5-486A-BD5F-88B6A508CE47}.Debug|Any CPU.ActiveCfg = Debug|Any CPU
		{BD40EB21-81F5-486A-BD5F-88B6A508CE47}.Debug|Any CPU.Build.0 = Debug|Any CPU
		{BD40EB21-81F5-486A-BD5F-88B6A508CE47}.Release|Any CPU.ActiveCfg = Release|Any CPU
		{BD40EB21-81F5-486A-BD5F-88B6A508CE47}.Release|Any CPU.Build.0 = Release|Any CPU
	EndGlobalSection
	GlobalSection(SolutionProperties) = preSolution
		HideSolutionNode = FALSE
	EndGlobalSection
	GlobalSection(ExtensibilityGlobals) = postSolution
		SolutionGuid = {DB7862CA-0BA9-42B7-B240-43EE19528C4D}
	EndGlobalSection
EndGlobal
